// !$*UTF8*$!
{
	archiveVersion = 1;
	classes = {
	};
	objectVersion = 50;
	objects = {

/* Begin PBXBuildFile section */
		42136168256BBEAF00EE1CB5 /* AppDelegate.m in Sources */ = {isa = PBXBuildFile; fileRef = 42136167256BBEAF00EE1CB5 /* AppDelegate.m */; };
		4213616E256BBEAF00EE1CB5 /* ViewController.m in Sources */ = {isa = PBXBuildFile; fileRef = 4213616D256BBEAF00EE1CB5 /* ViewController.m */; };
		42136171256BBEAF00EE1CB5 /* Main.storyboard in Resources */ = {isa = PBXBuildFile; fileRef = 4213616F256BBEAF00EE1CB5 /* Main.storyboard */; };
		42136173256BBEB100EE1CB5 /* Assets.xcassets in Resources */ = {isa = PBXBuildFile; fileRef = 42136172256BBEB100EE1CB5 /* Assets.xcassets */; };
		42136176256BBEB100EE1CB5 /* LaunchScreen.storyboard in Resources */ = {isa = PBXBuildFile; fileRef = 42136174256BBEB100EE1CB5 /* LaunchScreen.storyboard */; };
		42136179256BBEB100EE1CB5 /* main.m in Sources */ = {isa = PBXBuildFile; fileRef = 42136178256BBEB100EE1CB5 /* main.m */; };
/* End PBXBuildFile section */

/* Begin PBXFileReference section */
		42136163256BBEAF00EE1CB5 /* MP4ParsingObjc.app */ = {isa = PBXFileReference; explicitFileType = wrapper.application; includeInIndex = 0; path = MP4ParsingObjc.app; sourceTree = BUILT_PRODUCTS_DIR; };
		42136166256BBEAF00EE1CB5 /* AppDelegate.h */ = {isa = PBXFileReference; lastKnownFileType = sourcecode.c.h; path = AppDelegate.h; sourceTree = "<group>"; };
		42136167256BBEAF00EE1CB5 /* AppDelegate.m */ = {isa = PBXFileReference; lastKnownFileType = sourcecode.c.objc; path = AppDelegate.m; sourceTree = "<group>"; };
		4213616C256BBEAF00EE1CB5 /* ViewController.h */ = {isa = PBXFileReference; lastKnownFileType = sourcecode.c.h; path = ViewController.h; sourceTree = "<group>"; };
		4213616D256BBEAF00EE1CB5 /* ViewController.m */ = {isa = PBXFileReference; lastKnownFileType = sourcecode.c.objc; path = ViewController.m; sourceTree = "<group>"; };
		42136170256BBEAF00EE1CB5 /* Base */ = {isa = PBXFileReference; lastKnownFileType = file.storyboard; name = Base; path = Base.lproj/Main.storyboard; sourceTree = "<group>"; };
		42136172256BBEB100EE1CB5 /* Assets.xcassets */ = {isa = PBXFileReference; lastKnownFileType = folder.assetcatalog; path = Assets.xcassets; sourceTree = "<group>"; };
		42136175256BBEB100EE1CB5 /* Base */ = {isa = PBXFileReference; lastKnownFileType = file.storyboard; name = Base; path = Base.lproj/LaunchScreen.storyboard; sourceTree = "<group>"; };
		42136177256BBEB100EE1CB5 /* Info.plist */ = {isa = PBXFileReference; lastKnownFileType = text.plist.xml; path = Info.plist; sourceTree = "<group>"; };
		42136178256BBEB100EE1CB5 /* main.m */ = {isa = PBXFileReference; lastKnownFileType = sourcecode.c.objc; path = main.m; sourceTree = "<group>"; };
/* End PBXFileReference section */

/* Begin PBXFrameworksBuildPhase section */
		42136160256BBEAF00EE1CB5 /* Frameworks */ = {
			isa = PBXFrameworksBuildPhase;
			buildActionMask = 2147483647;
			files = (
			);
			runOnlyForDeploymentPostprocessing = 0;
		};
/* End PBXFrameworksBuildPhase section */

/* Begin PBXGroup section */
		4213615A256BBEAF00EE1CB5 = {
			isa = PBXGroup;
			children = (
				42136165256BBEAF00EE1CB5 /* MP4ParsingObjc */,
				42136164256BBEAF00EE1CB5 /* Products */,
			);
			sourceTree = "<group>";
		};
		42136164256BBEAF00EE1CB5 /* Products */ = {
			isa = PBXGroup;
			children = (
				42136163256BBEAF00EE1CB5 /* MP4ParsingObjc.app */,
			);
			name = Products;
			sourceTree = "<group>";
		};
		42136165256BBEAF00EE1CB5 /* MP4ParsingObjc */ = {
			isa = PBXGroup;
			children = (
				42136181256BC09D00EE1CB5 /* Classes */,
				42136166256BBEAF00EE1CB5 /* AppDelegate.h */,
				42136167256BBEAF00EE1CB5 /* AppDelegate.m */,
				4213616C256BBEAF00EE1CB5 /* ViewController.h */,
				4213616D256BBEAF00EE1CB5 /* ViewController.m */,
				4213616F256BBEAF00EE1CB5 /* Main.storyboard */,
				42136172256BBEB100EE1CB5 /* Assets.xcassets */,
				42136174256BBEB100EE1CB5 /* LaunchScreen.storyboard */,
				42136177256BBEB100EE1CB5 /* Info.plist */,
				42136178256BBEB100EE1CB5 /* main.m */,
			);
			path = MP4ParsingObjc;
			sourceTree = "<group>";
		};
		42136181256BC09D00EE1CB5 /* Classes */ = {
			isa = PBXGroup;
			children = (
			);
			path = Classes;
			sourceTree = "<group>";
		};
/* End PBXGroup section */

/* Begin PBXNativeTarget section */
		42136162256BBEAF00EE1CB5 /* MP4ParsingObjc */ = {
			isa = PBXNativeTarget;
			buildConfigurationList = 4213617C256BBEB100EE1CB5 /* Build configuration list for PBXNativeTarget "MP4ParsingObjc" */;
			buildPhases = (
				4213615F256BBEAF00EE1CB5 /* Sources */,
				42136160256BBEAF00EE1CB5 /* Frameworks */,
				42136161256BBEAF00EE1CB5 /* Resources */,
			);
			buildRules = (
			);
			dependencies = (
			);
			name = MP4ParsingObjc;
			productName = MP4ParsingObjc;
			productReference = 42136163256BBEAF00EE1CB5 /* MP4ParsingObjc.app */;
			productType = "com.apple.product-type.application";
		};
/* End PBXNativeTarget section */

/* Begin PBXProject section */
		4213615B256BBEAF00EE1CB5 /* Project object */ = {
			isa = PBXProject;
			attributes = {
				LastUpgradeCheck = 1220;
				TargetAttributes = {
					42136162256BBEAF00EE1CB5 = {
						CreatedOnToolsVersion = 12.2;
					};
				};
			};
			buildConfigurationList = 4213615E256BBEAF00EE1CB5 /* Build configuration list for PBXProject "MP4ParsingObjc" */;
			compatibilityVersion = "Xcode 9.3";
			developmentRegion = en;
			hasScannedForEncodings = 0;
			knownRegions = (
				en,
				Base,
			);
			mainGroup = 4213615A256BBEAF00EE1CB5;
			productRefGroup = 42136164256BBEAF00EE1CB5 /* Products */;
			projectDirPath = "";
			projectRoot = "";
			targets = (
				42136162256BBEAF00EE1CB5 /* MP4ParsingObjc */,
			);
		};
/* End PBXProject section */

/* Begin PBXResourcesBuildPhase section */
		42136161256BBEAF00EE1CB5 /* Resources */ = {
			isa = PBXResourcesBuildPhase;
			buildActionMask = 2147483647;
			files = (
				42136176256BBEB100EE1CB5 /* LaunchScreen.storyboard in Resources */,
				42136173256BBEB100EE1CB5 /* Assets.xcassets in Resources */,
				42136171256BBEAF00EE1CB5 /* Main.storyboard in Resources */,
			);
			runOnlyForDeploymentPostprocessing = 0;
		};
/* End PBXResourcesBuildPhase section */

/* Begin PBXSourcesBuildPhase section */
		4213615F256BBEAF00EE1CB5 /* Sources */ = {
			isa = PBXSourcesBuildPhase;
			buildActionMask = 2147483647;
			files = (
				4213616E256BBEAF00EE1CB5 /* ViewController.m in Sources */,
				42136168256BBEAF00EE1CB5 /* AppDelegate.m in Sources */,
				42136179256BBEB100EE1CB5 /* main.m in Sources */,
			);
			runOnlyForDeploymentPostprocessing = 0;
		};
/* End PBXSourcesBuildPhase section */

/* Begin PBXVariantGroup section */
		4213616F256BBEAF00EE1CB5 /* Main.storyboard */ = {
			isa = PBXVariantGroup;
			children = (
				42136170256BBEAF00EE1CB5 /* Base */,
			);
			name = Main.storyboard;
			sourceTree = "<group>";
		};
		42136174256BBEB100EE1CB5 /* LaunchScreen.storyboard */ = {
			isa = PBXVariantGroup;
			children = (
				42136175256BBEB100EE1CB5 /* Base */,
			);
			name = LaunchScreen.storyboard;
			sourceTree = "<group>";
		};
/* End PBXVariantGroup section */

/* Begin XCBuildConfiguration section */
		4213617A256BBEB100EE1CB5 /* Debug */ = {
			isa = XCBuildConfiguration;
			buildSettings = {
				ALWAYS_SEARCH_USER_PATHS = NO;
				CLANG_ANALYZER_NONNULL = YES;
				CLANG_ANALYZER_NUMBER_OBJECT_CONVERSION = YES_AGGRESSIVE;
				CLANG_CXX_LANGUAGE_STANDARD = "gnu++14";
				CLANG_CXX_LIBRARY = "libc++";
				CLANG_ENABLE_MODULES = YES;
				CLANG_ENABLE_OBJC_ARC = YES;
				CLANG_ENABLE_OBJC_WEAK = YES;
				CLANG_WARN_BLOCK_CAPTURE_AUTORELEASING = YES;
				CLANG_WARN_BOOL_CONVERSION = YES;
				CLANG_WARN_COMMA = YES;
				CLANG_WARN_CONSTANT_CONVERSION = YES;
				CLANG_WARN_DEPRECATED_OBJC_IMPLEMENTATIONS = YES;
				CLANG_WARN_DIRECT_OBJC_ISA_USAGE = YES_ERROR;
				CLANG_WARN_DOCUMENTATION_COMMENTS = YES;
				CLANG_WARN_EMPTY_BODY = YES;
				CLANG_WARN_ENUM_CONVERSION = YES;
				CLANG_WARN_INFINITE_RECURSION = YES;
				CLANG_WARN_INT_CONVERSION = YES;
				CLANG_WARN_NON_LITERAL_NULL_CONVERSION = YES;
				CLANG_WARN_OBJC_IMPLICIT_RETAIN_SELF = YES;
				CLANG_WARN_OBJC_LITERAL_CONVERSION = YES;
				CLANG_WARN_OBJC_ROOT_CLASS = YES_ERROR;
				CLANG_WARN_QUOTED_INCLUDE_IN_FRAMEWORK_HEADER = YES;
				CLANG_WARN_RANGE_LOOP_ANALYSIS = YES;
				CLANG_WARN_STRICT_PROTOTYPES = YES;
				CLANG_WARN_SUSPICIOUS_MOVE = YES;
				CLANG_WARN_UNGUARDED_AVAILABILITY = YES_AGGRESSIVE;
				CLANG_WARN_UNREACHABLE_CODE = YES;
				CLANG_WARN__DUPLICATE_METHOD_MATCH = YES;
				COPY_PHASE_STRIP = NO;
				DEBUG_INFORMATION_FORMAT = dwarf;
				ENABLE_STRICT_OBJC_MSGSEND = YES;
				ENABLE_TESTABILITY = YES;
				GCC_C_LANGUAGE_STANDARD = gnu11;
				GCC_DYNAMIC_NO_PIC = NO;
				GCC_NO_COMMON_BLOCKS = YES;
				GCC_OPTIMIZATION_LEVEL = 0;
				GCC_PREPROCESSOR_DEFINITIONS = (
					"DEBUG=1",
					"$(inherited)",
				);
				GCC_WARN_64_TO_32_BIT_CONVERSION = YES;
				GCC_WARN_ABOUT_RETURN_TYPE = YES_ERROR;
				GCC_WARN_UNDECLARED_SELECTOR = YES;
				GCC_WARN_UNINITIALIZED_AUTOS = YES_AGGRESSIVE;
				GCC_WARN_UNUSED_FUNCTION = YES;
				GCC_WARN_UNUSED_VARIABLE = YES;
				IPHONEOS_DEPLOYMENT_TARGET = 14.2;
				MTL_ENABLE_DEBUG_INFO = INCLUDE_SOURCE;
				MTL_FAST_MATH = YES;
				ONLY_ACTIVE_ARCH = YES;
				SDKROOT = iphoneos;
			};
			name = Debug;
		};
		4213617B256BBEB100EE1CB5 /* Release */ = {
			isa = XCBuildConfiguration;
			buildSettings = {
				ALWAYS_SEARCH_USER_PATHS = NO;
				CLANG_ANALYZER_NONNULL = YES;
				CLANG_ANALYZER_NUMBER_OBJECT_CONVERSION = YES_AGGRESSIVE;
				CLANG_CXX_LANGUAGE_STANDARD = "gnu++14";
				CLANG_CXX_LIBRARY = "libc++";
				CLANG_ENABLE_MODULES = YES;
				CLANG_ENABLE_OBJC_ARC = YES;
				CLANG_ENABLE_OBJC_WEAK = YES;
				CLANG_WARN_BLOCK_CAPTURE_AUTORELEASING = YES;
				CLANG_WARN_BOOL_CONVERSION = YES;
				CLANG_WARN_COMMA = YES;
				CLANG_WARN_CONSTANT_CONVERSION = YES;
				CLANG_WARN_DEPRECATED_OBJC_IMPLEMENTATIONS = YES;
				CLANG_WARN_DIRECT_OBJC_ISA_USAGE = YES_ERROR;
				CLANG_WARN_DOCUMENTATION_COMMENTS = YES;
				CLANG_WARN_EMPTY_BODY = YES;
				CLANG_WARN_ENUM_CONVERSION = YES;
				CLANG_WARN_INFINITE_RECURSION = YES;
				CLANG_WARN_INT_CONVERSION = YES;
				CLANG_WARN_NON_LITERAL_NULL_CONVERSION = YES;
				CLANG_WARN_OBJC_IMPLICIT_RETAIN_SELF = YES;
				CLANG_WARN_OBJC_LITERAL_CONVERSION = YES;
				CLANG_WARN_OBJC_ROOT_CLASS = YES_ERROR;
				CLANG_WARN_QUOTED_INCLUDE_IN_FRAMEWORK_HEADER = YES;
				CLANG_WARN_RANGE_LOOP_ANALYSIS = YES;
				CLANG_WARN_STRICT_PROTOTYPES = YES;
				CLANG_WARN_SUSPICIOUS_MOVE = YES;
				CLANG_WARN_UNGUARDED_AVAILABILITY = YES_AGGRESSIVE;
				CLANG_WARN_UNREACHABLE_CODE = YES;
				CLANG_WARN__DUPLICATE_METHOD_MATCH = YES;
				COPY_PHASE_STRIP = NO;
				DEBUG_INFORMATION_FORMAT = "dwarf-with-dsym";
				ENABLE_NS_ASSERTIONS = NO;
				ENABLE_STRICT_OBJC_MSGSEND = YES;
				GCC_C_LANGUAGE_STANDARD = gnu11;
				GCC_NO_COMMON_BLOCKS = YES;
				GCC_WARN_64_TO_32_BIT_CONVERSION = YES;
				GCC_WARN_ABOUT_RETURN_TYPE = YES_ERROR;
				GCC_WARN_UNDECLARED_SELECTOR = YES;
				GCC_WARN_UNINITIALIZED_AUTOS = YES_AGGRESSIVE;
				GCC_WARN_UNUSED_FUNCTION = YES;
				GCC_WARN_UNUSED_VARIABLE = YES;
				IPHONEOS_DEPLOYMENT_TARGET = 14.2;
				MTL_ENABLE_DEBUG_INFO = NO;
				MTL_FAST_MATH = YES;
				SDKROOT = iphoneos;
				VALIDATE_PRODUCT = YES;
			};
			name = Release;
		};
		4213617D256BBEB100EE1CB5 /* Debug */ = {
			isa = XCBuildConfiguration;
			buildSettings = {
				ASSETCATALOG_COMPILER_APPICON_NAME = AppIcon;
				ASSETCATALOG_COMPILER_GLOBAL_ACCENT_COLOR_NAME = AccentColor;
				CODE_SIGN_STYLE = Automatic;
				DEVELOPMENT_TEAM = YT6QHNRQP3;
				INFOPLIST_FILE = MP4ParsingObjc/Info.plist;
				LD_RUNPATH_SEARCH_PATHS = (
					"$(inherited)",
					"@executable_path/Frameworks",
				);
				PRODUCT_BUNDLE_IDENTIFIER = com.machenshuang.www.MP4ParsingObjc;
				PRODUCT_NAME = "$(TARGET_NAME)";
				TARGETED_DEVICE_FAMILY = "1,2";
			};
			name = Debug;
		};
		4213617E256BBEB100EE1CB5 /* Release */ = {
			isa = XCBuildConfiguration;
			buildSettings = {
				ASSETCATALOG_COMPILER_APPICON_NAME = AppIcon;
				ASSETCATALOG_COMPILER_GLOBAL_ACCENT_COLOR_NAME = AccentColor;
				CODE_SIGN_STYLE = Automatic;
				DEVELOPMENT_TEAM = YT6QHNRQP3;
				INFOPLIST_FILE = MP4ParsingObjc/Info.plist;
				LD_RUNPATH_SEARCH_PATHS = (
					"$(inherited)",
					"@executable_path/Frameworks",
				);
				PRODUCT_BUNDLE_IDENTIFIER = com.machenshuang.www.MP4ParsingObjc;
				PRODUCT_NAME = "$(TARGET_NAME)";
				TARGETED_DEVICE_FAMILY = "1,2";
			};
			name = Release;
		};
/* End XCBuildConfiguration section */

/* Begin XCConfigurationList section */
		4213615E256BBEAF00EE1CB5 /* Build configuration list for PBXProject "MP4ParsingObjc" */ = {
			isa = XCConfigurationList;
			buildConfigurations = (
				4213617A256BBEB100EE1CB5 /* Debug */,
				4213617B256BBEB100EE1CB5 /* Release */,
			);
			defaultConfigurationIsVisible = 0;
			defaultConfigurationName = Release;
		};
		4213617C256BBEB100EE1CB5 /* Build configuration list for PBXNativeTarget "MP4ParsingObjc" */ = {
			isa = XCConfigurationList;
			buildConfigurations = (
				4213617D256BBEB100EE1CB5 /* Debug */,
				4213617E256BBEB100EE1CB5 /* Release */,
			);
			defaultConfigurationIsVisible = 0;
			defaultConfigurationName = Release;
		};
/* End XCConfigurationList section */
	};
	rootObject = 4213615B256BBEAF00EE1CB5 /* Project object */;
}
